{
    "name": "qunar",
    "version": "1.0.0",
    "lockfileVersion": 1,
    "requires": true,
    "dependencies": {
        "regenerator-runtime": {
            "version": "0.12.1",
            "resolved": "http://192.168.117.183:4873/regenerator-runtime/-/regenerator-runtime-0.12.1.tgz",
            "integrity": "sha512-odxIc1/vDlo4iZcfXqRYFj0vpXFNoGdKMAUieAlFYO6m/nl5e9KR/beGf41z4a1FI+aQgtjhuaSlDxQ0hmkrHg=="
        }
    }
}
